
Microsoft Visual Studio Solution File, Format Version 12.00
# Visual Studio 15
VisualStudioVersion = 15.0.28307.645
MinimumVisualStudioVersion = 10.0.40219.1
Project("{9A19103F-16F7-4668-BE54-9A1E7A4F7556}") = "NMaltParser", "NMaltParser\NMaltParser.csproj", "{5DED0449-E1C9-40B5-8BE6-6FCAF0162E8D}"
EndProject
Project("{9A19103F-16F7-4668-BE54-9A1E7A4F7556}") = "NMaltParser.Cli", "NMaltParser.Cli\NMaltParser.Cli.csproj", "{FA36742B-902F-44DF-B147-65DEB4166FBD}"
EndProject
Global
	GlobalSection(SolutionConfigurationPlatforms) = preSolution
		Debug|Any CPU = Debug|Any CPU
		Release|Any CPU = Release|Any CPU
	EndGlobalSection
	GlobalSection(ProjectConfigurationPlatforms) = postSolution
		{5DED0449-E1C9-40B5-8BE6-6FCAF0162E8D}.Debug|Any CPU.ActiveCfg = Debug|Any CPU
		{5DED0449-E1C9-40B5-8BE6-6FCAF0162E8D}.Debug|Any CPU.Build.0 = Debug|Any CPU
		{5DED0449-E1C9-40B5-8BE6-6FCAF0162E8D}.Release|Any CPU.ActiveCfg = Release|Any CPU
		{5DED0449-E1C9-40B5-8BE6-6FCAF0162E8D}.Release|Any CPU.Build.0 = Release|Any CPU
		{FA36742B-902F-44DF-B147-65DEB4166FBD}.Debug|Any CPU.ActiveCfg = Debug|Any CPU
		{FA36742B-902F-44DF-B147-65DEB4166FBD}.Debug|Any CPU.Build.0 = Debug|Any CPU
		{FA36742B-902F-44DF-B147-65DEB4166FBD}.Release|Any CPU.ActiveCfg = Release|Any CPU
		{FA36742B-902F-44DF-B147-65DEB4166FBD}.Release|Any CPU.Build.0 = Release|Any CPU
	EndGlobalSection
	GlobalSection(SolutionProperties) = preSolution
		HideSolutionNode = FALSE
	EndGlobalSection
	GlobalSection(ExtensibilityGlobals) = postSolution
		SolutionGuid = {58D9FF1A-E960-45BA-935D-E02A0F3C13FC}
	EndGlobalSection
EndGlobal
